
Microsoft Visual Studio Solution File, Format Version 12.00
# Visual Studio Version 17
VisualStudioVersion = 17.5.002.0
MinimumVisualStudioVersion = 10.0.40219.1
Project("{2150E333-8FDC-42A3-9474-1A3956D46DE8}") = "01-app-develop", "01-app-develop", "{8B303E0A-BB67-416D-861D-050DA59D94AA}"
EndProject
Project("{9A19103F-16F7-4668-BE54-9A1E7A4F7556}") = "CSharp", "01-app-develop\CSharp\CSharp.csproj", "{B971CA7C-B943-4CD9-AFD4-C731B8A02B6A}"
EndProject
Project("{2150E333-8FDC-42A3-9474-1A3956D46DE8}") = "02-azure-openai-api", "02-azure-openai-api", "{E738BECE-E421-4110-B08B-ADA7DF8B044F}"
EndProject
Project("{9A19103F-16F7-4668-BE54-9A1E7A4F7556}") = "CSharp", "02-azure-openai-api\CSharp\CSharp.csproj", "{C26426DF-CBE1-48A4-AB64-609D1C66AE72}"
EndProject
Project("{2150E333-8FDC-42A3-9474-1A3956D46DE8}") = "02-use-own-data", "02-use-own-data", "{180E87CD-FF3A-45E6-BC18-3D34A2AB4110}"
EndProject
Project("{9A19103F-16F7-4668-BE54-9A1E7A4F7556}") = "CSharp", "02-use-own-data\CSharp\CSharp.csproj", "{65E016B5-E60F-4A70-BC48-2E6349D678B2}"
EndProject
Project("{2150E333-8FDC-42A3-9474-1A3956D46DE8}") = "03-image-generation", "03-image-generation", "{F7C53A48-4065-43E3-9348-36E0C5BCC80C}"
EndProject
Project("{9A19103F-16F7-4668-BE54-9A1E7A4F7556}") = "generate_image", "03-image-generation\CSharp\generate_image.csproj", "{326F0EE1-D0A2-4D96-9A49-A32A17C13A2D}"
EndProject
Project("{2150E333-8FDC-42A3-9474-1A3956D46DE8}") = "03-prompt-engineering", "03-prompt-engineering", "{3C1E803A-1885-460A-B504-7FCAC43BE55F}"
EndProject
Project("{9A19103F-16F7-4668-BE54-9A1E7A4F7556}") = "CSharp", "03-prompt-engineering\CSharp\CSharp.csproj", "{C95E4CC3-B91B-4403-9E6B-80DFED04F388}"
EndProject
Project("{2150E333-8FDC-42A3-9474-1A3956D46DE8}") = "04-code-generation", "04-code-generation", "{BE02042F-510E-4943-B063-DD60990075C0}"
EndProject
Project("{9A19103F-16F7-4668-BE54-9A1E7A4F7556}") = "CSharp", "04-code-generation\CSharp\CSharp.csproj", "{C7B7CA8B-C574-4561-806D-7C4AB56A241A}"
EndProject
Project("{2150E333-8FDC-42A3-9474-1A3956D46DE8}") = "05-image-generation", "05-image-generation", "{19423C76-CB22-4E38-812C-A86941C94A32}"
EndProject
Project("{9A19103F-16F7-4668-BE54-9A1E7A4F7556}") = "generate_image", "05-image-generation\CSharp\generate_image.csproj", "{F0F4839E-FF37-466C-9C9D-F5C956FDF931}"
EndProject
Project("{2150E333-8FDC-42A3-9474-1A3956D46DE8}") = "06-use-own-data", "06-use-own-data", "{C8DF5661-8C45-4870-A472-06730AE7349D}"
EndProject
Project("{9A19103F-16F7-4668-BE54-9A1E7A4F7556}") = "CSharp", "06-use-own-data\CSharp\CSharp.csproj", "{74BF5C17-1775-4CA2-B48F-52986BE866F8}"
EndProject
Project("{2150E333-8FDC-42A3-9474-1A3956D46DE8}") = "sample-code", "sample-code", "{22D99127-5CE4-4DC9-A8E4-6D5544211291}"
EndProject
Project("{9A19103F-16F7-4668-BE54-9A1E7A4F7556}") = "CSharp", "04-code-generation\sample-code\go-fish\CSharp.csproj", "{416F2064-62BB-40D7-9A2B-17C203B32028}"
EndProject
Global
	GlobalSection(SolutionConfigurationPlatforms) = preSolution
		Debug|Any CPU = Debug|Any CPU
		Release|Any CPU = Release|Any CPU
	EndGlobalSection
	GlobalSection(ProjectConfigurationPlatforms) = postSolution
		{B971CA7C-B943-4CD9-AFD4-C731B8A02B6A}.Debug|Any CPU.ActiveCfg = Debug|Any CPU
		{B971CA7C-B943-4CD9-AFD4-C731B8A02B6A}.Debug|Any CPU.Build.0 = Debug|Any CPU
		{B971CA7C-B943-4CD9-AFD4-C731B8A02B6A}.Release|Any CPU.ActiveCfg = Release|Any CPU
		{B971CA7C-B943-4CD9-AFD4-C731B8A02B6A}.Release|Any CPU.Build.0 = Release|Any CPU
		{C26426DF-CBE1-48A4-AB64-609D1C66AE72}.Debug|Any CPU.ActiveCfg = Debug|Any CPU
		{C26426DF-CBE1-48A4-AB64-609D1C66AE72}.Debug|Any CPU.Build.0 = Debug|Any CPU
		{C26426DF-CBE1-48A4-AB64-609D1C66AE72}.Release|Any CPU.ActiveCfg = Release|Any CPU
		{C26426DF-CBE1-48A4-AB64-609D1C66AE72}.Release|Any CPU.Build.0 = Release|Any CPU
		{65E016B5-E60F-4A70-BC48-2E6349D678B2}.Debug|Any CPU.ActiveCfg = Debug|Any CPU
		{65E016B5-E60F-4A70-BC48-2E6349D678B2}.Debug|Any CPU.Build.0 = Debug|Any CPU
		{65E016B5-E60F-4A70-BC48-2E6349D678B2}.Release|Any CPU.ActiveCfg = Release|Any CPU
		{65E016B5-E60F-4A70-BC48-2E6349D678B2}.Release|Any CPU.Build.0 = Release|Any CPU
		{326F0EE1-D0A2-4D96-9A49-A32A17C13A2D}.Debug|Any CPU.ActiveCfg = Debug|Any CPU
		{326F0EE1-D0A2-4D96-9A49-A32A17C13A2D}.Debug|Any CPU.Build.0 = Debug|Any CPU
		{326F0EE1-D0A2-4D96-9A49-A32A17C13A2D}.Release|Any CPU.ActiveCfg = Release|Any CPU
		{326F0EE1-D0A2-4D96-9A49-A32A17C13A2D}.Release|Any CPU.Build.0 = Release|Any CPU
		{C95E4CC3-B91B-4403-9E6B-80DFED04F388}.Debug|Any CPU.ActiveCfg = Debug|Any CPU
		{C95E4CC3-B91B-4403-9E6B-80DFED04F388}.Debug|Any CPU.Build.0 = Debug|Any CPU
		{C95E4CC3-B91B-4403-9E6B-80DFED04F388}.Release|Any CPU.ActiveCfg = Release|Any CPU
		{C95E4CC3-B91B-4403-9E6B-80DFED04F388}.Release|Any CPU.Build.0 = Release|Any CPU
		{C7B7CA8B-C574-4561-806D-7C4AB56A241A}.Debug|Any CPU.ActiveCfg = Debug|Any CPU
		{C7B7CA8B-C574-4561-806D-7C4AB56A241A}.Debug|Any CPU.Build.0 = Debug|Any CPU
		{C7B7CA8B-C574-4561-806D-7C4AB56A241A}.Release|Any CPU.ActiveCfg = Release|Any CPU
		{C7B7CA8B-C574-4561-806D-7C4AB56A241A}.Release|Any CPU.Build.0 = Release|Any CPU
		{F0F4839E-FF37-466C-9C9D-F5C956FDF931}.Debug|Any CPU.ActiveCfg = Debug|Any CPU
		{F0F4839E-FF37-466C-9C9D-F5C956FDF931}.Debug|Any CPU.Build.0 = Debug|Any CPU
		{F0F4839E-FF37-466C-9C9D-F5C956FDF931}.Release|Any CPU.ActiveCfg = Release|Any CPU
		{F0F4839E-FF37-466C-9C9D-F5C956FDF931}.Release|Any CPU.Build.0 = Release|Any CPU
		{74BF5C17-1775-4CA2-B48F-52986BE866F8}.Debug|Any CPU.ActiveCfg = Debug|Any CPU
		{74BF5C17-1775-4CA2-B48F-52986BE866F8}.Debug|Any CPU.Build.0 = Debug|Any CPU
		{74BF5C17-1775-4CA2-B48F-52986BE866F8}.Release|Any CPU.ActiveCfg = Release|Any CPU
		{74BF5C17-1775-4CA2-B48F-52986BE866F8}.Release|Any CPU.Build.0 = Release|Any CPU
		{416F2064-62BB-40D7-9A2B-17C203B32028}.Debug|Any CPU.ActiveCfg = Debug|Any CPU
		{416F2064-62BB-40D7-9A2B-17C203B32028}.Debug|Any CPU.Build.0 = Debug|Any CPU
		{416F2064-62BB-40D7-9A2B-17C203B32028}.Release|Any CPU.ActiveCfg = Release|Any CPU
		{416F2064-62BB-40D7-9A2B-17C203B32028}.Release|Any CPU.Build.0 = Release|Any CPU
	EndGlobalSection
	GlobalSection(SolutionProperties) = preSolution
		HideSolutionNode = FALSE
	EndGlobalSection
	GlobalSection(NestedProjects) = preSolution
		{B971CA7C-B943-4CD9-AFD4-C731B8A02B6A} = {8B303E0A-BB67-416D-861D-050DA59D94AA}
		{C26426DF-CBE1-48A4-AB64-609D1C66AE72} = {E738BECE-E421-4110-B08B-ADA7DF8B044F}
		{65E016B5-E60F-4A70-BC48-2E6349D678B2} = {180E87CD-FF3A-45E6-BC18-3D34A2AB4110}
		{326F0EE1-D0A2-4D96-9A49-A32A17C13A2D} = {F7C53A48-4065-43E3-9348-36E0C5BCC80C}
		{C95E4CC3-B91B-4403-9E6B-80DFED04F388} = {3C1E803A-1885-460A-B504-7FCAC43BE55F}
		{C7B7CA8B-C574-4561-806D-7C4AB56A241A} = {BE02042F-510E-4943-B063-DD60990075C0}
		{F0F4839E-FF37-466C-9C9D-F5C956FDF931} = {19423C76-CB22-4E38-812C-A86941C94A32}
		{74BF5C17-1775-4CA2-B48F-52986BE866F8} = {C8DF5661-8C45-4870-A472-06730AE7349D}
		{22D99127-5CE4-4DC9-A8E4-6D5544211291} = {BE02042F-510E-4943-B063-DD60990075C0}
		{416F2064-62BB-40D7-9A2B-17C203B32028} = {22D99127-5CE4-4DC9-A8E4-6D5544211291}
	EndGlobalSection
	GlobalSection(ExtensibilityGlobals) = postSolution
		SolutionGuid = {3F6BC05B-D115-45AB-8386-BB7DCD9D9253}
	EndGlobalSection
EndGlobal
